
Microsoft Visual Studio Solution File, Format Version 12.00
Project("{FAE04EC0-301F-11D3-BF4B-00C04F79EFBC}") = "ConsoleApp", "ConsoleApp\ConsoleApp.csproj", "{57FEE882-0844-43A3-B2AB-2542319D2D63}"
EndProject
Project("{FAE04EC0-301F-11D3-BF4B-00C04F79EFBC}") = "DAL", "DAL\DAL.csproj", "{B76A3194-536B-4002-BDCB-45299E4D439C}"
EndProject
Global
	GlobalSection(SolutionConfigurationPlatforms) = preSolution
		Debug|Any CPU = Debug|Any CPU
		Release|Any CPU = Release|Any CPU
	EndGlobalSection
	GlobalSection(ProjectConfigurationPlatforms) = postSolution
		{57FEE882-0844-43A3-B2AB-2542319D2D63}.Debug|Any CPU.ActiveCfg = Debug|Any CPU
		{57FEE882-0844-43A3-B2AB-2542319D2D63}.Debug|Any CPU.Build.0 = Debug|Any CPU
		{B76A3194-536B-4002-BDCB-45299E4D439C}.Debug|Any CPU.ActiveCfg = Debug|Any CPU
		{B76A3194-536B-4002-BDCB-45299E4D439C}.Debug|Any CPU.Build.0 = Debug|Any CPU
		{B76A3194-536B-4002-BDCB-45299E4D439C}.Release|Any CPU.ActiveCfg = Release|Any CPU
		{B76A3194-536B-4002-BDCB-45299E4D439C}.Release|Any CPU.Build.0 = Release|Any CPU
	EndGlobalSection
EndGlobal
